
Microsoft Visual Studio Solution File, Format Version 12.00
# Visual Studio Version 17
VisualStudioVersion = 17.4.33213.308
MinimumVisualStudioVersion = 10.0.40219.1
Project("{FAE04EC0-301F-11D3-BF4B-00C04F79EFBC}") = "AWService", "AWService\AWService.csproj", "{DA568122-9382-4F05-94F4-DDF9E427BFD4}"
EndProject
Project("{FAE04EC0-301F-11D3-BF4B-00C04F79EFBC}") = "AWApp", "AWApp\AWApp.csproj", "{D4584058-5B3B-4529-A9FE-C5F110A26F9F}"
	ProjectSection(ProjectDependencies) = postProject
		{DA568122-9382-4F05-94F4-DDF9E427BFD4} = {DA568122-9382-4F05-94F4-DDF9E427BFD4}
	EndProjectSection
EndProject
Global
	GlobalSection(SolutionConfigurationPlatforms) = preSolution
		Debug|Any CPU = Debug|Any CPU
		Release|Any CPU = Release|Any CPU
	EndGlobalSection
	GlobalSection(ProjectConfigurationPlatforms) = postSolution
		{DA568122-9382-4F05-94F4-DDF9E427BFD4}.Debug|Any CPU.ActiveCfg = Debug|Any CPU
		{DA568122-9382-4F05-94F4-DDF9E427BFD4}.Debug|Any CPU.Build.0 = Debug|Any CPU
		{DA568122-9382-4F05-94F4-DDF9E427BFD4}.Release|Any CPU.ActiveCfg = Release|Any CPU
		{DA568122-9382-4F05-94F4-DDF9E427BFD4}.Release|Any CPU.Build.0 = Release|Any CPU
		{D4584058-5B3B-4529-A9FE-C5F110A26F9F}.Debug|Any CPU.ActiveCfg = Debug|Any CPU
		{D4584058-5B3B-4529-A9FE-C5F110A26F9F}.Debug|Any CPU.Build.0 = Debug|Any CPU
		{D4584058-5B3B-4529-A9FE-C5F110A26F9F}.Release|Any CPU.ActiveCfg = Release|Any CPU
		{D4584058-5B3B-4529-A9FE-C5F110A26F9F}.Release|Any CPU.Build.0 = Release|Any CPU
	EndGlobalSection
	GlobalSection(SolutionProperties) = preSolution
		HideSolutionNode = FALSE
	EndGlobalSection
	GlobalSection(ExtensibilityGlobals) = postSolution
		SolutionGuid = {2D026FBF-62BB-4398-A8A4-34BFD914CD9B}
	EndGlobalSection
EndGlobal
